
Microsoft Visual Studio Solution File, Format Version 12.00
# Visual Studio Version 16
VisualStudioVersion = 16.0.30621.155
MinimumVisualStudioVersion = 10.0.40219.1
Project("{FAE04EC0-301F-11D3-BF4B-00C04F79EFBC}") = "Project_C", "Project_C\Project_C.csproj", "{DCCB6F79-1B68-4070-A8B6-B8730720E6E8}"
EndProject
Global
	GlobalSection(SolutionConfigurationPlatforms) = preSolution
		Debug|Any CPU = Debug|Any CPU
		Release|Any CPU = Release|Any CPU
	EndGlobalSection
	GlobalSection(ProjectConfigurationPlatforms) = postSolution
		{DCCB6F79-1B68-4070-A8B6-B8730720E6E8}.Debug|Any CPU.ActiveCfg = Debug|Any CPU
		{DCCB6F79-1B68-4070-A8B6-B8730720E6E8}.Debug|Any CPU.Build.0 = Debug|Any CPU
		{DCCB6F79-1B68-4070-A8B6-B8730720E6E8}.Release|Any CPU.ActiveCfg = Release|Any CPU
		{DCCB6F79-1B68-4070-A8B6-B8730720E6E8}.Release|Any CPU.Build.0 = Release|Any CPU
	EndGlobalSection
	GlobalSection(SolutionProperties) = preSolution
		HideSolutionNode = FALSE
	EndGlobalSection
	GlobalSection(ExtensibilityGlobals) = postSolution
		SolutionGuid = {4F1FE816-BC1D-4A52-AF99-8AC3E84CD793}
	EndGlobalSection
EndGlobal
